
Microsoft Visual Studio Solution File, Format Version 12.00
# Visual Studio Version 17
VisualStudioVersion = 17.12.35707.178 d17.12
MinimumVisualStudioVersion = 10.0.40219.1
Project("{FAE04EC0-301F-11D3-BF4B-00C04F79EFBC}") = "Server", "Server\Server.csproj", "{6E5B5751-B2A6-49C9-A7B0-5940742F6C6F}"
EndProject
Project("{FAE04EC0-301F-11D3-BF4B-00C04F79EFBC}") = "Client", "Client\Client.csproj", "{86A80AF1-21B5-4549-B137-E6875CAFDDDF}"
EndProject
Global
	GlobalSection(SolutionConfigurationPlatforms) = preSolution
		Debug|Any CPU = Debug|Any CPU
		Release|Any CPU = Release|Any CPU
	EndGlobalSection
	GlobalSection(ProjectConfigurationPlatforms) = postSolution
		{6E5B5751-B2A6-49C9-A7B0-5940742F6C6F}.Debug|Any CPU.ActiveCfg = Debug|Any CPU
		{6E5B5751-B2A6-49C9-A7B0-5940742F6C6F}.Debug|Any CPU.Build.0 = Debug|Any CPU
		{6E5B5751-B2A6-49C9-A7B0-5940742F6C6F}.Release|Any CPU.ActiveCfg = Release|Any CPU
		{6E5B5751-B2A6-49C9-A7B0-5940742F6C6F}.Release|Any CPU.Build.0 = Release|Any CPU
		{86A80AF1-21B5-4549-B137-E6875CAFDDDF}.Debug|Any CPU.ActiveCfg = Debug|Any CPU
		{86A80AF1-21B5-4549-B137-E6875CAFDDDF}.Debug|Any CPU.Build.0 = Debug|Any CPU
		{86A80AF1-21B5-4549-B137-E6875CAFDDDF}.Release|Any CPU.ActiveCfg = Release|Any CPU
		{86A80AF1-21B5-4549-B137-E6875CAFDDDF}.Release|Any CPU.Build.0 = Release|Any CPU
	EndGlobalSection
	GlobalSection(SolutionProperties) = preSolution
		HideSolutionNode = FALSE
	EndGlobalSection
EndGlobal
